
Microsoft Visual Studio Solution File, Format Version 12.00
Project("{FAE04EC0-301F-11D3-BF4B-00C04F79EFBC}") = "Sleep-Wake Script", "Sleep-Wake Script.csproj", "{04CD17FA-0B5C-4AB1-A7DB-D28F33274DDE}"
EndProject
Global
	GlobalSection(SolutionConfigurationPlatforms) = preSolution
		Debug|Any CPU = Debug|Any CPU
		Release|Any CPU = Release|Any CPU
	EndGlobalSection
	GlobalSection(ProjectConfigurationPlatforms) = postSolution
		{04CD17FA-0B5C-4AB1-A7DB-D28F33274DDE}.Debug|Any CPU.ActiveCfg = Debug|Any CPU
		{04CD17FA-0B5C-4AB1-A7DB-D28F33274DDE}.Debug|Any CPU.Build.0 = Debug|Any CPU
		{04CD17FA-0B5C-4AB1-A7DB-D28F33274DDE}.Release|Any CPU.ActiveCfg = Release|Any CPU
		{04CD17FA-0B5C-4AB1-A7DB-D28F33274DDE}.Release|Any CPU.Build.0 = Release|Any CPU
	EndGlobalSection
EndGlobal
